
Microsoft Visual Studio Solution File, Format Version 12.00
# Visual Studio Version 16
VisualStudioVersion = 16.0.30114.105
MinimumVisualStudioVersion = 10.0.40219.1
Project("{FAE04EC0-301F-11D3-BF4B-00C04F79EFBC}") = "PokeAPI", "PokeAPI.csproj", "{0A06C6AD-9C21-46A8-AC0C-827CEF1FCE44}"
EndProject
Global
	GlobalSection(SolutionConfigurationPlatforms) = preSolution
		Debug|Any CPU = Debug|Any CPU
		Release|Any CPU = Release|Any CPU
	EndGlobalSection
	GlobalSection(ProjectConfigurationPlatforms) = postSolution
		{0A06C6AD-9C21-46A8-AC0C-827CEF1FCE44}.Debug|Any CPU.ActiveCfg = Debug|Any CPU
		{0A06C6AD-9C21-46A8-AC0C-827CEF1FCE44}.Debug|Any CPU.Build.0 = Debug|Any CPU
		{0A06C6AD-9C21-46A8-AC0C-827CEF1FCE44}.Release|Any CPU.ActiveCfg = Release|Any CPU
		{0A06C6AD-9C21-46A8-AC0C-827CEF1FCE44}.Release|Any CPU.Build.0 = Release|Any CPU
	EndGlobalSection
	GlobalSection(SolutionProperties) = preSolution
		HideSolutionNode = FALSE
	EndGlobalSection
	GlobalSection(ExtensibilityGlobals) = postSolution
		SolutionGuid = {3AE5BE94-9A09-43A8-A859-E309C413B8BA}
	EndGlobalSection
EndGlobal
